{
    "_meta": {
        "hash": {
            "sha256": "cca4e79f6aed36210e3a69feb4c3741a4c6b70f955c3b579adb1970c5f22d735"
        },
        "pipfile-spec": 6,
        "requires": {
            "python_version": "3.10"
        },
        "sources": [
            {
                "name": "pypi",
                "url": "https://pypi.org/simple",
                "verify_ssl": true
            }
        ]
    },
    "default": {
        "asgiref": {
            "hashes": [
                "sha256:4ef1ab46b484e3c706329cedeff284a5d40824200638503f5768edb6de7d58e9",
                "sha256:ffc141aa908e6f175673e7b1b3b7af4fdb0ecb738fc5c8b88f69f055c2415214"
            ],
            "markers": "python_version >= '3.6'",
            "version": "==3.4.1"
        },
        "django": {
            "hashes": [
                "sha256:59304646ebc6a77b9b6a59adc67d51ecb03c5e3d63ed1f14c909cdfda84e8010",
                "sha256:d5a8a14da819a8b9237ee4d8c78dfe056ff6e8a7511987be627192225113ee75"
            ],
            "index": "pypi",
            "version": "==4.0"
        },
        "gunicorn": {
            "hashes": [
                "sha256:9dcc4547dbb1cb284accfb15ab5667a0e5d1881cc443e0677b4882a4067a807e",
                "sha256:e0a968b5ba15f8a328fdfd7ab1fcb5af4470c28aaf7e55df02a99bc13138e6e8"
            ],
            "index": "pypi",
            "version": "==20.1.0"
        },
        "mysql-connector-python": {
            "hashes": [
                "sha256:049374e54441903022f1c277a7467e4e7cf72a8d89ca26e86d4fa26b7157346c",
                "sha256:08e8bdb0b0cd247213764d115433972d0f5d103a00eb9cd0330294bdbb58cbca",
                "sha256:2af9bf324649d056e8f1e0f212a046c8794a6b5ac4d7fa2be600db443d0b57ba",
                "sha256:47e391ecae349e75ecffb513aec47ec3dbcfc8e2222ef9bd0b0494029eaa2a1b",
                "sha256:667c712c0464527faee977d5db48f308e6b2d64396de0b5ba3fd459eda0653d0",
                "sha256:6ec8ae4b51487f8b2d542b02e7026dddec92f29239daef2dbfcfbaa9fd5503f2",
                "sha256:75fc7a089f1626ffbd22986090ca7cc3359c77ab9c4bde4bab1e30e15d4cbfd9",
                "sha256:7a63dfded577f0a1800c863c4e9bcff7b583bcd369fc1eb4c2ec44b1f907e295",
                "sha256:7fa3c4b571e5bab629dbce6013b36ff42efdfe47da6ff14cee25acd1a77649bb",
                "sha256:8a3a8605c5380870a898b4a52c5b0d138e7cb998b192f10552373782d003886d",
                "sha256:94abfd76c6ad36f1bcf96f49d76dd55b9e09767eea972669baba9fc385fd9a46",
                "sha256:977ba6abdca01840afe27e461ec3a79550b50499782e5ff2933e513a52777870",
                "sha256:ad393ddc1974da2b4e952156c3b1a8316f1cb14555b1ea83db6c3619232f8d89",
                "sha256:b947650179a4778d7e13b354a3c7c3b5e13ec00d86727375a0cbba0b43ade82c",
                "sha256:cf0c8e41edcd8a02f9ccbe925160ef12486111fcb2641d4551e3b2578afbe2c4",
                "sha256:d15136f44fe36c135295719b2635686dbbe1b8043297b3420129368000cf2820",
                "sha256:de6f3daa99242fcf559d87466ea95f37b6b9cd7257be516440abe6e925548ef9"
            ],
            "index": "pypi",
            "version": "==8.0.27"
        },
        "protobuf": {
            "hashes": [
                "sha256:038daf4fa38a7e818dd61f51f22588d61755160a98db087a046f80d66b855942",
                "sha256:28ccea56d4dc38d35cd70c43c2da2f40ac0be0a355ef882242e8586c6d66666f",
                "sha256:36d90676d6f426718463fe382ec6274909337ca6319d375eebd2044e6c6ac560",
                "sha256:3cd0458870ea7d1c58e948ac8078f6ba8a7ecc44a57e03032ed066c5bb318089",
                "sha256:5935c8ce02e3d89c7900140a8a42b35bc037ec07a6aeb61cc108be8d3c9438a6",
                "sha256:615b426a177780ce381ecd212edc1e0f70db8557ed72560b82096bd36b01bc04",
                "sha256:62a8e4baa9cb9e064eb62d1002eca820857ab2138440cb4b3ea4243830f94ca7",
                "sha256:655264ed0d0efe47a523e2255fc1106a22f6faab7cc46cfe99b5bae085c2a13e",
                "sha256:6e8ea9173403219239cdfd8d946ed101f2ab6ecc025b0fda0c6c713c35c9981d",
                "sha256:71b0250b0cfb738442d60cab68abc166de43411f2a4f791d31378590bfb71bd7",
                "sha256:74f33edeb4f3b7ed13d567881da8e5a92a72b36495d57d696c2ea1ae0cfee80c",
                "sha256:77d2fadcf369b3f22859ab25bd12bb8e98fb11e05d9ff9b7cd45b711c719c002",
                "sha256:8b30a7de128c46b5ecb343917d9fa737612a6e8280f440874e5cc2ba0d79b8f6",
                "sha256:8e51561d72efd5bd5c91490af1f13e32bcba8dab4643761eb7de3ce18e64a853",
                "sha256:a529e7df52204565bcd33738a7a5f288f3d2d37d86caa5d78c458fa5fabbd54d",
                "sha256:b691d996c6d0984947c4cf8b7ae2fe372d99b32821d0584f0b90277aa36982d3",
                "sha256:d80f80eb175bf5f1169139c2e0c5ada98b1c098e2b3c3736667f28cbbea39fc8",
                "sha256:d83e1ef8cb74009bebee3e61cc84b1c9cd04935b72bca0cbc83217d140424995",
                "sha256:d8919368410110633717c406ab5c97e8df5ce93020cfcf3012834f28b1fab1ea",
                "sha256:db3532d9f7a6ebbe2392041350437953b6d7a792de10e629c1e4f5a6b1fe1ac6",
                "sha256:e7b24c11df36ee8e0c085e5b0dc560289e4b58804746fb487287dda51410f1e2",
                "sha256:e7e8d2c20921f8da0dea277dfefc6abac05903ceac8e72839b2da519db69206b",
                "sha256:e813b1c9006b6399308e917ac5d298f345d95bb31f46f02b60cd92970a9afa17",
                "sha256:fd390367fc211cc0ffcf3a9e149dfeca78fecc62adb911371db0cec5c8b7472d"
            ],
            "markers": "python_version >= '3.5'",
            "version": "==3.19.1"
        },
        "python-dotenv": {
            "hashes": [
                "sha256:32b2bdc1873fd3a3c346da1c6db83d0053c3c62f28f1f38516070c4c8971b1d3",
                "sha256:a5de49a31e953b45ff2d2fd434bbc2670e8db5273606c1e737cc6b93eff3655f"
            ],
            "index": "pypi",
            "version": "==0.19.2"
        },
        "setuptools": {
            "hashes": [
                "sha256:8244876a37456ccbcbe1247b4cba1b015f4e42dfebfadd6a5488bfc12060f21b",
                "sha256:dae4d7933ca671d51fa44c10b4ef8165319d9be3aa41807dd4c73f1c1ba81dc3"
            ],
            "markers": "python_version >= '3.7'",
            "version": "==60.0.4"
        },
        "sqlparse": {
            "hashes": [
                "sha256:0c00730c74263a94e5a9919ade150dfc3b19c574389985446148402998287dae",
                "sha256:48719e356bb8b42991bdbb1e8b83223757b93789c00910a616a071910ca4a64d"
            ],
            "markers": "python_version >= '3.5'",
            "version": "==0.4.2"
        },
        "whitenoise": {
            "hashes": [
                "sha256:d234b871b52271ae7ed6d9da47ffe857c76568f11dd30e28e18c5869dbd11e12",
                "sha256:d963ef25639d1417e8a247be36e6aedd8c7c6f0a08adcb5a89146980a96b577c"
            ],
            "index": "pypi",
            "version": "==5.3.0"
        }
    },
    "develop": {
        "autopep8": {
            "hashes": [
                "sha256:44f0932855039d2c15c4510d6df665e4730f2b8582704fa48f9c55bd3e17d979",
                "sha256:ed77137193bbac52d029a52c59bec1b0629b5a186c495f1eb21b126ac466083f"
            ],
            "index": "pypi",
            "version": "==1.6.0"
        },
        "blessings": {
            "hashes": [
                "sha256:98e5854d805f50a5b58ac2333411b0482516a8210f23f43308baeb58d77c157d",
                "sha256:b1fdd7e7a675295630f9ae71527a8ebc10bfefa236b3d6aa4932ee4462c17ba3",
                "sha256:caad5211e7ba5afe04367cdd4cfc68fa886e2e08f6f35e76b7387d2109ccea6e"
            ],
            "markers": "python_version >= '2.7' and python_version not in '3.0, 3.1, 3.2, 3.3'",
            "version": "==1.7"
        },
        "bpython": {
            "hashes": [
                "sha256:1fb1e0a52332579fc4e3dcf75e21796af67aae2be460179ecfcce9530a49a200",
                "sha256:27ab07d64b9f0268990612aa5c1ab7be8705aa819b14b72c9e4b3b0418458937"
            ],
            "index": "pypi",
            "version": "==0.22.1"
        },
        "certifi": {
            "hashes": [
                "sha256:78884e7c1d4b00ce3cea67b44566851c4343c120abd683433ce934a68ea58872",
                "sha256:d62a0163eb4c2344ac042ab2bdf75399a71a2d8c7d47eac2e2ee91b9d6339569"
            ],
            "version": "==2021.10.8"
        },
        "charset-normalizer": {
            "hashes": [
                "sha256:1eecaa09422db5be9e29d7fc65664e6c33bd06f9ced7838578ba40d58bdf3721",
                "sha256:b0b883e8e874edfdece9c28f314e3dd5badf067342e42fb162203335ae61aa2c"
            ],
            "markers": "python_version >= '3'",
            "version": "==2.0.9"
        },
        "curtsies": {
            "hashes": [
                "sha256:11efbb153d9cb22223dd9a44041ea0c313b8411e246e7f684aa843f6aa9c1600"
            ],
            "markers": "python_version >= '3.6'",
            "version": "==0.3.10"
        },
        "cwcwidth": {
            "hashes": [
                "sha256:106efcbe26c495720cdfd4694e4c191ce1a3c1268b2d90356c875fd109d78a46",
                "sha256:1dc35642fd1a26ce63236c18d7d4a32909be2b1e99b272be95859872f97d1d28",
                "sha256:21701b63cc4e287a197e65c033583bbea674ec7176f983c5fff77fa82118d440",
                "sha256:23fa1021135b8b99e9d4478097ce42aaa17d957c037d5a76e990de20262d76d4",
                "sha256:268775831c952d45cf8165bc9168585868e933a87b72f6f1bd35230ad5206f1f",
                "sha256:2c840e7d85f6de45c45986b416d79312c91882e1121b78d4c347e49c4238c09d",
                "sha256:3fe12ba738548ff5ad3081621d22b7bff97fa78258c44a6586e97ec4f1430739",
                "sha256:4a25161e4302413b8b4c3379b29c1adcbe04c05380a6dfc8e4eb0e3938e4b3f9",
                "sha256:4c3ab17f0ee34d71b7de12d543eb40f1a6aae9339c9221b96b06970e6299bd10",
                "sha256:66addcb77a16d3e1ab817bea337ffb2509c57af6d91f5515c37811b081e7a448",
                "sha256:672b0d4b9d39642c023a80daf4a8623b3aa63a31275c20f705569e3b50021b06",
                "sha256:6fbbdbc742d78d732f0cfd3f69672f3805ec6c766f14460f8c392f624ea7af09",
                "sha256:77c0492c65555dfd022635ffc83365bbf2b15e95fde030b95ee9b2409ce98909",
                "sha256:9321274eca7fd4323a3f0eb472d08a08dfa7e2e0d797b713167d5106e41c92ad",
                "sha256:a6385cfdb3f0cfd4f42ab73d2c965e8f133f4f78ad56a7495f6e5924165a6c73",
                "sha256:a6a1b285655c7c86ceebe241f722fe19ccdef4891f7dced8cd818c966b6bb9d9",
                "sha256:ae134791ea6024bc0397f6b6a15d398f31167ad4b71190278e9c02178dad6948",
                "sha256:b05739a439f815c85b47abfb3fea301354762950142539d13263a353f21a90f6",
                "sha256:d3dc22afbaeba3b3a168e6a15e194d55fb63f01720feee53051b62f0f1c6165f",
                "sha256:f1777c325f7153b4e430d540a3ae2e8595b8117c10e5e3c2f65862af95ff94f5",
                "sha256:f57a3784c799553a67d5ebc2c4854d4cc95e8c2c01f10861b97a0a829c09c36e"
            ],
            "markers": "python_version >= '3.6'",
            "version": "==0.1.5"
        },
        "greenlet": {
            "hashes": [
                "sha256:0051c6f1f27cb756ffc0ffbac7d2cd48cb0362ac1736871399a739b2885134d3",
                "sha256:00e44c8afdbe5467e4f7b5851be223be68adb4272f44696ee71fe46b7036a711",
                "sha256:013d61294b6cd8fe3242932c1c5e36e5d1db2c8afb58606c5a67efce62c1f5fd",
                "sha256:049fe7579230e44daef03a259faa24511d10ebfa44f69411d99e6a184fe68073",
                "sha256:14d4f3cd4e8b524ae9b8aa567858beed70c392fdec26dbdb0a8a418392e71708",
                "sha256:166eac03e48784a6a6e0e5f041cfebb1ab400b394db188c48b3a84737f505b67",
                "sha256:17ff94e7a83aa8671a25bf5b59326ec26da379ace2ebc4411d690d80a7fbcf23",
                "sha256:1e12bdc622676ce47ae9abbf455c189e442afdde8818d9da983085df6312e7a1",
                "sha256:21915eb821a6b3d9d8eefdaf57d6c345b970ad722f856cd71739493ce003ad08",
                "sha256:288c6a76705dc54fba69fbcb59904ae4ad768b4c768839b8ca5fdadec6dd8cfd",
                "sha256:2bde6792f313f4e918caabc46532aa64aa27a0db05d75b20edfc5c6f46479de2",
                "sha256:32ca72bbc673adbcfecb935bb3fb1b74e663d10a4b241aaa2f5a75fe1d1f90aa",
                "sha256:356b3576ad078c89a6107caa9c50cc14e98e3a6c4874a37c3e0273e4baf33de8",
                "sha256:40b951f601af999a8bf2ce8c71e8aaa4e8c6f78ff8afae7b808aae2dc50d4c40",
                "sha256:572e1787d1460da79590bf44304abbc0a2da944ea64ec549188fa84d89bba7ab",
                "sha256:58df5c2a0e293bf665a51f8a100d3e9956febfbf1d9aaf8c0677cf70218910c6",
                "sha256:64e6175c2e53195278d7388c454e0b30997573f3f4bd63697f88d855f7a6a1fc",
                "sha256:7227b47e73dedaa513cdebb98469705ef0d66eb5a1250144468e9c3097d6b59b",
                "sha256:7418b6bfc7fe3331541b84bb2141c9baf1ec7132a7ecd9f375912eca810e714e",
                "sha256:7cbd7574ce8e138bda9df4efc6bf2ab8572c9aff640d8ecfece1b006b68da963",
                "sha256:7ff61ff178250f9bb3cd89752df0f1dd0e27316a8bd1465351652b1b4a4cdfd3",
                "sha256:833e1551925ed51e6b44c800e71e77dacd7e49181fdc9ac9a0bf3714d515785d",
                "sha256:8639cadfda96737427330a094476d4c7a56ac03de7265622fcf4cfe57c8ae18d",
                "sha256:8c5d5b35f789a030ebb95bff352f1d27a93d81069f2adb3182d99882e095cefe",
                "sha256:8c790abda465726cfb8bb08bd4ca9a5d0a7bd77c7ac1ca1b839ad823b948ea28",
                "sha256:8d2f1fb53a421b410751887eb4ff21386d119ef9cde3797bf5e7ed49fb51a3b3",
                "sha256:903bbd302a2378f984aef528f76d4c9b1748f318fe1294961c072bdc7f2ffa3e",
                "sha256:93f81b134a165cc17123626ab8da2e30c0455441d4ab5576eed73a64c025b25c",
                "sha256:95e69877983ea39b7303570fa6760f81a3eec23d0e3ab2021b7144b94d06202d",
                "sha256:9633b3034d3d901f0a46b7939f8c4d64427dfba6bbc5a36b1a67364cf148a1b0",
                "sha256:97e5306482182170ade15c4b0d8386ded995a07d7cc2ca8f27958d34d6736497",
                "sha256:9f3cba480d3deb69f6ee2c1825060177a22c7826431458c697df88e6aeb3caee",
                "sha256:aa5b467f15e78b82257319aebc78dd2915e4c1436c3c0d1ad6f53e47ba6e2713",
                "sha256:abb7a75ed8b968f3061327c433a0fbd17b729947b400747c334a9c29a9af6c58",
                "sha256:aec52725173bd3a7b56fe91bc56eccb26fbdff1386ef123abb63c84c5b43b63a",
                "sha256:b11548073a2213d950c3f671aa88e6f83cda6e2fb97a8b6317b1b5b33d850e06",
                "sha256:b1692f7d6bc45e3200844be0dba153612103db241691088626a33ff1f24a0d88",
                "sha256:b336501a05e13b616ef81ce329c0e09ac5ed8c732d9ba7e3e983fcc1a9e86965",
                "sha256:b8c008de9d0daba7b6666aa5bbfdc23dcd78cafc33997c9b7741ff6353bafb7f",
                "sha256:b92e29e58bef6d9cfd340c72b04d74c4b4e9f70c9fa7c78b674d1fec18896dc4",
                "sha256:be5f425ff1f5f4b3c1e33ad64ab994eed12fc284a6ea71c5243fd564502ecbe5",
                "sha256:dd0b1e9e891f69e7675ba5c92e28b90eaa045f6ab134ffe70b52e948aa175b3c",
                "sha256:e30f5ea4ae2346e62cedde8794a56858a67b878dd79f7df76a0767e356b1744a",
                "sha256:e6a36bb9474218c7a5b27ae476035497a6990e21d04c279884eb10d9b290f1b1",
                "sha256:e859fcb4cbe93504ea18008d1df98dee4f7766db66c435e4882ab35cf70cac43",
                "sha256:eb6ea6da4c787111adf40f697b4e58732ee0942b5d3bd8f435277643329ba627",
                "sha256:ec8c433b3ab0419100bd45b47c9c8551248a5aee30ca5e9d399a0b57ac04651b",
                "sha256:eff9d20417ff9dcb0d25e2defc2574d10b491bf2e693b4e491914738b7908168",
                "sha256:f0214eb2a23b85528310dad848ad2ac58e735612929c8072f6093f3585fd342d",
                "sha256:f276df9830dba7a333544bd41070e8175762a7ac20350786b322b714b0e654f5",
                "sha256:f3acda1924472472ddd60c29e5b9db0cec629fbe3c5c5accb74d6d6d14773478",
                "sha256:f70a9e237bb792c7cc7e44c531fd48f5897961701cdaa06cf22fc14965c496cf",
                "sha256:f9d29ca8a77117315101425ec7ec2a47a22ccf59f5593378fc4077ac5b754fce",
                "sha256:fa877ca7f6b48054f847b61d6fa7bed5cebb663ebc55e018fda12db09dcc664c",
                "sha256:fdcec0b8399108577ec290f55551d926d9a1fa6cad45882093a7a07ac5ec147b"
            ],
            "markers": "python_version >= '2.7' and python_version not in '3.0, 3.1, 3.2, 3.3, 3.4'",
            "version": "==1.1.2"
        },
        "idna": {
            "hashes": [
                "sha256:84d9dd047ffa80596e0f246e2eab0b391788b0503584e8945f2368256d2735ff",
                "sha256:9d643ff0a55b762d5cdb124b8eaa99c66322e2157b69160bc32796e824360e6d"
            ],
            "markers": "python_version >= '3'",
            "version": "==3.3"
        },
        "pycodestyle": {
            "hashes": [
                "sha256:720f8b39dde8b293825e7ff02c475f3077124006db4f440dcbc9a20b76548a20",
                "sha256:eddd5847ef438ea1c7870ca7eb78a9d47ce0cdb4851a5523949f2601d0cbbe7f"
            ],
            "markers": "python_version >= '2.7' and python_version not in '3.0, 3.1, 3.2, 3.3, 3.4'",
            "version": "==2.8.0"
        },
        "pygments": {
            "hashes": [
                "sha256:b8e67fe6af78f492b3c4b3e2970c0624cbf08beb1e493b2c99b9fa1b67a20380",
                "sha256:f398865f7eb6874156579fdf36bc840a03cab64d1cde9e93d68f46a425ec52c6"
            ],
            "markers": "python_version >= '3.5'",
            "version": "==2.10.0"
        },
        "pyxdg": {
            "hashes": [
                "sha256:2d6701ab7c74bbab8caa6a95e0a0a129b1643cf6c298bf7c569adec06d0709a0",
                "sha256:80bd93aae5ed82435f20462ea0208fb198d8eec262e831ee06ce9ddb6b91c5a5"
            ],
            "version": "==0.27"
        },
        "requests": {
            "hashes": [
                "sha256:6c1246513ecd5ecd4528a0906f910e8f0f9c6b8ec72030dc9fd154dc1a6efd24",
                "sha256:b8aa58f8cf793ffd8782d3d8cb19e66ef36f7aba4353eec859e74678b01b07a7"
            ],
            "markers": "python_version >= '2.7' and python_version not in '3.0, 3.1, 3.2, 3.3, 3.4, 3.5'",
            "version": "==2.26.0"
        },
        "six": {
            "hashes": [
                "sha256:1e61c37477a1626458e36f7b1d82aa5c9b094fa4802892072e49de9c60c4c926",
                "sha256:8abb2f1d86890a2dfb989f9a77cfcfd3e47c2a354b01111771326f8aa26e0254"
            ],
            "markers": "python_version >= '2.7' and python_version not in '3.0, 3.1, 3.2, 3.3'",
            "version": "==1.16.0"
        },
        "toml": {
            "hashes": [
                "sha256:806143ae5bfb6a3c6e736a764057db0e6a0e05e338b5630894a5f779cabb4f9b",
                "sha256:b3bda1d108d5dd99f4a20d24d9c348e91c4db7ab1b749200bded2f839ccbe68f"
            ],
            "markers": "python_version >= '2.6' and python_version not in '3.0, 3.1, 3.2, 3.3'",
            "version": "==0.10.2"
        },
        "typing-extensions": {
            "hashes": [
                "sha256:4ca091dea149f945ec56afb48dae714f21e8692ef22a395223bcd328961b6a0e",
                "sha256:7f001e5ac290a0c0401508864c7ec868be4e701886d5b573a9528ed3973d9d3b"
            ],
            "markers": "python_version >= '3.6'",
            "version": "==4.0.1"
        },
        "urllib3": {
            "hashes": [
                "sha256:4987c65554f7a2dbf30c18fd48778ef124af6fab771a377103da0585e2336ece",
                "sha256:c4fdf4019605b6e5423637e01bc9fe4daef873709a7973e195ceba0a62bbc844"
            ],
            "markers": "python_version >= '2.7' and python_version not in '3.0, 3.1, 3.2, 3.3, 3.4' and python_version < '4'",
            "version": "==1.26.7"
        }
    }
}
