{
    "_meta": {
        "hash": {
            "sha256": "e6d4941dc956ea39404acd9a67d4a34fc4bb86b28bb088e0f2f7f8f2aa244f1b"
        },
        "pipfile-spec": 6,
        "requires": {
            "python_version": "3.10"
        },
        "sources": [
            {
                "name": "pypi",
                "url": "https://pypi.org/simple",
                "verify_ssl": true
            }
        ]
    },
    "default": {
        "asgiref": {
            "hashes": [
                "sha256:1d2880b792ae8757289136f1db2b7b99100ce959b2aa57fd69dab783d05afac4",
                "sha256:4a29362a6acebe09bf1d6640db38c1dc3d9217c68e6f9f6204d72667fc19a424"
            ],
            "markers": "python_version >= '3.7'",
            "version": "==3.5.2"
        },
        "django": {
            "hashes": [
                "sha256:a67a793ff6827fd373555537dca0da293a63a316fe34cb7f367f898ccca3c3ae",
                "sha256:ca54ebedfcbc60d191391efbf02ba68fb52165b8bf6ccd6fe71f098cac1fe59e"
            ],
            "index": "pypi",
            "version": "==4.0.6"
        },
        "gunicorn": {
            "hashes": [
                "sha256:9dcc4547dbb1cb284accfb15ab5667a0e5d1881cc443e0677b4882a4067a807e",
                "sha256:e0a968b5ba15f8a328fdfd7ab1fcb5af4470c28aaf7e55df02a99bc13138e6e8"
            ],
            "index": "pypi",
            "version": "==20.1.0"
        },
        "mysql-connector-python": {
            "hashes": [
                "sha256:047420715bbb51d3cba78de446c8a6db4666459cd23e168568009c620a3f5b90",
                "sha256:1bef2a4a2b529c6e9c46414100ab7032c252244e8a9e017d2b6a41bb9cea9312",
                "sha256:245087999f081b389d66621f2abfe2463e3927f63c7c4c0f70ce0f82786ccb93",
                "sha256:29ec05ded856b4da4e47239f38489c03b31673ae0f46a090d0e4e29c670e6181",
                "sha256:4de5959e27038cbd11dfccb1afaa2fd258c013e59d3e15709dd1992086103050",
                "sha256:5eef51e48b22aadd633563bbdaf02112d98d954a4ead53f72fde283ea3f88152",
                "sha256:6e2267ad75b37b5e1c480cde77cdc4f795427a54266ead30aabcdbf75ac70064",
                "sha256:7be3aeff73b85eab3af2a1e80c053a98cbcb99e142192e551ebd4c1e41ce2596",
                "sha256:895135cde57622edf48e1fce3beb4ed85f18332430d48f5c1d9630d49f7712b0",
                "sha256:89597c091c4f25b6e023cbbcd32be73affbb0b44256761fe3b8e1d4b14d14d02",
                "sha256:a7fd6a71df824f5a7d9a94060598d67b3a32eeccdc9837ee2cd98a44e2536cae",
                "sha256:ab0e9d9b5fc114b78dfa9c74e8bfa30b48fcfa17dbb9241ad6faada08a589900",
                "sha256:b7dccd7f72f19c97b58428ebf8e709e24eb7e9b67a408af7e77b60efde44bea4",
                "sha256:bed43ea3a11f8d4e7c2e3f20c891214e68b45451314f91fddf9ca701de7a53ac",
                "sha256:d5afb766b379111942d4260f29499f93355823c7241926471d843c9281fe477c",
                "sha256:f353893481476a537cca7afd4e81e0ed84dd2173932b7f1721ab3e3351cbf324",
                "sha256:fd608c288f596c4c8767d9a8e90f129385bd19ee6e3adaf6974ad8012c6138b8",
                "sha256:fdd262d8538aa504475f8860cfda939a297d3b213c8d15f7ceed52508aeb2aa3"
            ],
            "index": "pypi",
            "version": "==8.0.29"
        },
        "protobuf": {
            "hashes": [
                "sha256:095fda15fe04a79c9f0edab09b424be46dd057b15986d235b84c8cea91659df7",
                "sha256:29eaf8e9db33bc3bae14576ad61370aa2b64ea5d6e6cd705042692e5e0404b10",
                "sha256:4758b9c22ad0486639a68cea58d38571f233019a73212d78476ec648f68a49a3",
                "sha256:57a593e40257ab4f164fe6e171651b1386c98f8ec5f5a8643642889c50d4f3c4",
                "sha256:5f8c7488e74024fa12b46aab4258f707d7d6e94c8d322d7c45cc13770f66ab59",
                "sha256:7b2dcca25d88ec77358eed3d031c8260b5bf3023fff03a31c9584591c5910833",
                "sha256:853708afc3a7eed4df28a8d4bd4812f829f8d736c104dd8d584ccff27969e311",
                "sha256:863f65e137d9de4a76cac39ae731a19bea1c30997f512ecf0dc9348112313401",
                "sha256:9b42afb67e19010cdda057e439574ccd944902ea14b0d52ba0bfba2aad50858d",
                "sha256:b82ac05b0651a4d2b9d56f5aeef3d711f5858eb4b71c13d77553739e5930a74a",
                "sha256:d622dc75e289e8b3031dd8b4e87df508f11a6b3d86a49fb50256af7ce030d35b",
                "sha256:e3d3df3292ab4bae85213b9ebef566b5aedb45f97425a92fac5b2e431d31e71c",
                "sha256:ef0768a609a02b2b412fa0f59f1242f1597e9bb15188d043f3fde09115ca6c69",
                "sha256:f2f43ae8dff452aee3026b59ea0a09245ab2529a55a0984992e76bcf848610e1"
            ],
            "markers": "python_version >= '3.7'",
            "version": "==4.21.2"
        },
        "python-dotenv": {
            "hashes": [
                "sha256:b7e3b04a59693c42c36f9ab1cc2acc46fa5df8c78e178fc33a8d4cd05c8d498f",
                "sha256:d92a187be61fe482e4fd675b6d52200e7be63a12b724abbf931a40ce4fa92938"
            ],
            "index": "pypi",
            "version": "==0.20.0"
        },
        "setuptools": {
            "hashes": [
                "sha256:0d33c374d41c7863419fc8f6c10bfe25b7b498aa34164d135c622e52580c6b16",
                "sha256:c04b44a57a6265fe34a4a444e965884716d34bae963119a76353434d6f18e450"
            ],
            "markers": "python_version >= '3.7'",
            "version": "==63.2.0"
        },
        "sqlparse": {
            "hashes": [
                "sha256:0c00730c74263a94e5a9919ade150dfc3b19c574389985446148402998287dae",
                "sha256:48719e356bb8b42991bdbb1e8b83223757b93789c00910a616a071910ca4a64d"
            ],
            "markers": "python_version >= '3.5'",
            "version": "==0.4.2"
        },
        "whitenoise": {
            "hashes": [
                "sha256:8e9c600a5c18bd17655ef668ad55b5edf6c24ce9bdca5bf607649ca4b1e8e2c2",
                "sha256:8fa943c6d4cd9e27673b70c21a07b0aa120873901e099cd46cab40f7cc96d567"
            ],
            "index": "pypi",
            "version": "==6.2.0"
        }
    },
    "develop": {
        "black": {
            "hashes": [
                "sha256:074458dc2f6e0d3dab7928d4417bb6957bb834434516f21514138437accdbe90",
                "sha256:187d96c5e713f441a5829e77120c269b6514418f4513a390b0499b0987f2ff1c",
                "sha256:2ea29072e954a4d55a2ff58971b83365eba5d3d357352a07a7a4df0d95f51c78",
                "sha256:4af5bc0e1f96be5ae9bd7aaec219c901a94d6caa2484c21983d043371c733fc4",
                "sha256:560558527e52ce8afba936fcce93a7411ab40c7d5fe8c2463e279e843c0328ee",
                "sha256:568ac3c465b1c8b34b61cd7a4e349e93f91abf0f9371eda1cf87194663ab684e",
                "sha256:6797f58943fceb1c461fb572edbe828d811e719c24e03375fd25170ada53825e",
                "sha256:6c1734ab264b8f7929cef8ae5f900b85d579e6cbfde09d7387da8f04771b51c6",
                "sha256:6c6d39e28aed379aec40da1c65434c77d75e65bb59a1e1c283de545fb4e7c6c9",
                "sha256:7ba9be198ecca5031cd78745780d65a3f75a34b2ff9be5837045dce55db83d1c",
                "sha256:94783f636bca89f11eb5d50437e8e17fbc6a929a628d82304c80fa9cd945f256",
                "sha256:a218d7e5856f91d20f04e931b6f16d15356db1c846ee55f01bac297a705ca24f",
                "sha256:a3db5b6409b96d9bd543323b23ef32a1a2b06416d525d27e0f67e74f1446c8f2",
                "sha256:ac609cf8ef5e7115ddd07d85d988d074ed00e10fbc3445aee393e70164a2219c",
                "sha256:b154e6bbde1e79ea3260c4b40c0b7b3109ffcdf7bc4ebf8859169a6af72cd70b",
                "sha256:b270a168d69edb8b7ed32c193ef10fd27844e5c60852039599f9184460ce0807",
                "sha256:b9fd45787ba8aa3f5e0a0a98920c1012c884622c6c920dbe98dbd05bc7c70fbf",
                "sha256:c85928b9d5f83b23cee7d0efcb310172412fbf7cb9d9ce963bd67fd141781def",
                "sha256:c9a3ac16efe9ec7d7381ddebcc022119794872abce99475345c5a61aa18c45ad",
                "sha256:cfaf3895a9634e882bf9d2363fed5af8888802d670f58b279b0bece00e9a872d",
                "sha256:e439798f819d49ba1c0bd9664427a05aab79bfba777a6db94fd4e56fae0cb849",
                "sha256:f586c26118bc6e714ec58c09df0157fe2d9ee195c764f630eb0d8e7ccce72e69",
                "sha256:f6fe02afde060bbeef044af7996f335fbe90b039ccf3f5eb8f16df8b20f77666"
            ],
            "index": "pypi",
            "version": "==22.6.0"
        },
        "blessings": {
            "hashes": [
                "sha256:98e5854d805f50a5b58ac2333411b0482516a8210f23f43308baeb58d77c157d",
                "sha256:b1fdd7e7a675295630f9ae71527a8ebc10bfefa236b3d6aa4932ee4462c17ba3",
                "sha256:caad5211e7ba5afe04367cdd4cfc68fa886e2e08f6f35e76b7387d2109ccea6e"
            ],
            "markers": "python_version >= '2.7' and python_version not in '3.0, 3.1, 3.2, 3.3'",
            "version": "==1.7"
        },
        "bpython": {
            "hashes": [
                "sha256:1fb1e0a52332579fc4e3dcf75e21796af67aae2be460179ecfcce9530a49a200",
                "sha256:27ab07d64b9f0268990612aa5c1ab7be8705aa819b14b72c9e4b3b0418458937"
            ],
            "index": "pypi",
            "version": "==0.22.1"
        },
        "certifi": {
            "hashes": [
                "sha256:84c85a9078b11105f04f3036a9482ae10e4621616db313fe045dd24743a0820d",
                "sha256:fe86415d55e84719d75f8b69414f6438ac3547d2078ab91b67e779ef69378412"
            ],
            "markers": "python_version >= '3.6'",
            "version": "==2022.6.15"
        },
        "charset-normalizer": {
            "hashes": [
                "sha256:5189b6f22b01957427f35b6a08d9a0bc45b46d3788ef5a92e978433c7a35f8a5",
                "sha256:575e708016ff3a5e3681541cb9d79312c416835686d054a23accb873b254f413"
            ],
            "markers": "python_version >= '3.6'",
            "version": "==2.1.0"
        },
        "click": {
            "hashes": [
                "sha256:7682dc8afb30297001674575ea00d1814d808d6a36af415a82bd481d37ba7b8e",
                "sha256:bb4d8133cb15a609f44e8213d9b391b0809795062913b383c62be0ee95b1db48"
            ],
            "markers": "python_version >= '3.7'",
            "version": "==8.1.3"
        },
        "curtsies": {
            "hashes": [
                "sha256:11efbb153d9cb22223dd9a44041ea0c313b8411e246e7f684aa843f6aa9c1600"
            ],
            "markers": "python_version >= '3.6'",
            "version": "==0.3.10"
        },
        "cwcwidth": {
            "hashes": [
                "sha256:0158e76eb243067226c5b91014b1ae110f0df00b767419f3b3c125f336366734",
                "sha256:1265d1123c2028ade3a56b5a016972151d994eceff6fbeb00b28144688796108",
                "sha256:13fde3628adc13cd90ef417f3bd9f2e8c0293efd67d090b1614816fcd879643a",
                "sha256:165cbb3ff4ce1925f6a22179c1bbe8d0262cee8a2009e6e344e209c58e09daaf",
                "sha256:198562c228481c2b73a4a7ad4fd4f7ae9514c8384bfedd0ddbebf52a58a00a27",
                "sha256:1b31da599c9f0cf41f39ed10c1ceaa01d6024e31c6cd9aea2885b1f2a6d15fba",
                "sha256:23dc965cb194214bdc85ae8bc13e8dba8431055ecb2bd9213f98839e497459c3",
                "sha256:43a9d5abe88829c68fb602ea96fbab8c66be9f64a5898de848dff37d1ffe84ef",
                "sha256:64c30b51af8c37e5deb40daf8529c56a154cca6a82b4ae7ae032dab86ce91ac0",
                "sha256:688398f2772ab6587afd3dc603e8cead65b5654a88deb5a6f0b778808b554441",
                "sha256:7305221ef6947f8d6f8b3f1b2a0f478d65d2cc39135bd9ba6549cc4f42d4d9e7",
                "sha256:860c4983bdf6aabc74ae2bf0dc207d23dc6f0bd955a4c00e4963c70498f1ee28",
                "sha256:952899622df3348282a1992f0d58c1362e1d4cce7d5a4e32a7b0ec24ee5a3b14",
                "sha256:98b26ed225c7b505d50d2dafb2b43a165543616dacd4b7fbfb3c08db45a91fa0",
                "sha256:9ccf17edc97a043e583a3a57c8a3b3ffb7b318ac3dd369c93db3242a18be1c1a",
                "sha256:a4422dc5bb29545a5c58929ce2b782054bde819784ce791d96b060e5b6d35fe6",
                "sha256:ad8f30dcff614d1a148ccebc48a6b98630724e221cb663404cdb618f61a4169b",
                "sha256:ae92ec83ae7d89af20886b0537efcb5e0417da1604a6b1d298dbba5c36105669",
                "sha256:b0b6c0a7de6948a7d752feafd9c16fb83fefa8bcd97cc6b167b4696e9eb2e1bf",
                "sha256:b3953218f8281edc21785b7013ec22e47257b60bbf463617e639344dbbfbe798",
                "sha256:cdfba86564cfccd71b87878d2a000004c9288b29a83f8c503f8c2031e94b373f",
                "sha256:d32cbdd7484a52e8c6f8b22307eb5fa4803c8a48bf853061ffc178d89852d039",
                "sha256:d8d8a7178a6620df6e1342621149bf5c85336bce5a85f9cd7934d892dd53cb74",
                "sha256:dd371b2a50e0e80698ab70e7ad2e62dbb7619647da0c8b1be5a022290f006d15",
                "sha256:e3a9fa329fdf88f3f40b9fbd5c3b874adafd40266072b9de58ee152ccf8613e4",
                "sha256:ebab036466e469f1a3969e5b731c6ec68e2b1b392c032acd738c5a526531d56a",
                "sha256:f4a2cbd458f56ca41b8e4f29df0f1d56e92ba4f689c90b7138bc21fbd2210c0d",
                "sha256:f7687cbd0c4726c86016cad077c8a96ec2901d32c39242b92796a6e9d2c894bb",
                "sha256:fbac2595c937e58e095c0e99c152dcc3f95f8d82809a95c8e05f1829306da373"
            ],
            "markers": "python_version >= '3.7'",
            "version": "==0.1.6"
        },
        "greenlet": {
            "hashes": [
                "sha256:0051c6f1f27cb756ffc0ffbac7d2cd48cb0362ac1736871399a739b2885134d3",
                "sha256:00e44c8afdbe5467e4f7b5851be223be68adb4272f44696ee71fe46b7036a711",
                "sha256:013d61294b6cd8fe3242932c1c5e36e5d1db2c8afb58606c5a67efce62c1f5fd",
                "sha256:049fe7579230e44daef03a259faa24511d10ebfa44f69411d99e6a184fe68073",
                "sha256:14d4f3cd4e8b524ae9b8aa567858beed70c392fdec26dbdb0a8a418392e71708",
                "sha256:166eac03e48784a6a6e0e5f041cfebb1ab400b394db188c48b3a84737f505b67",
                "sha256:17ff94e7a83aa8671a25bf5b59326ec26da379ace2ebc4411d690d80a7fbcf23",
                "sha256:1e12bdc622676ce47ae9abbf455c189e442afdde8818d9da983085df6312e7a1",
                "sha256:21915eb821a6b3d9d8eefdaf57d6c345b970ad722f856cd71739493ce003ad08",
                "sha256:288c6a76705dc54fba69fbcb59904ae4ad768b4c768839b8ca5fdadec6dd8cfd",
                "sha256:2bde6792f313f4e918caabc46532aa64aa27a0db05d75b20edfc5c6f46479de2",
                "sha256:32ca72bbc673adbcfecb935bb3fb1b74e663d10a4b241aaa2f5a75fe1d1f90aa",
                "sha256:356b3576ad078c89a6107caa9c50cc14e98e3a6c4874a37c3e0273e4baf33de8",
                "sha256:40b951f601af999a8bf2ce8c71e8aaa4e8c6f78ff8afae7b808aae2dc50d4c40",
                "sha256:572e1787d1460da79590bf44304abbc0a2da944ea64ec549188fa84d89bba7ab",
                "sha256:58df5c2a0e293bf665a51f8a100d3e9956febfbf1d9aaf8c0677cf70218910c6",
                "sha256:64e6175c2e53195278d7388c454e0b30997573f3f4bd63697f88d855f7a6a1fc",
                "sha256:7227b47e73dedaa513cdebb98469705ef0d66eb5a1250144468e9c3097d6b59b",
                "sha256:7418b6bfc7fe3331541b84bb2141c9baf1ec7132a7ecd9f375912eca810e714e",
                "sha256:7cbd7574ce8e138bda9df4efc6bf2ab8572c9aff640d8ecfece1b006b68da963",
                "sha256:7ff61ff178250f9bb3cd89752df0f1dd0e27316a8bd1465351652b1b4a4cdfd3",
                "sha256:833e1551925ed51e6b44c800e71e77dacd7e49181fdc9ac9a0bf3714d515785d",
                "sha256:8639cadfda96737427330a094476d4c7a56ac03de7265622fcf4cfe57c8ae18d",
                "sha256:8c5d5b35f789a030ebb95bff352f1d27a93d81069f2adb3182d99882e095cefe",
                "sha256:8c790abda465726cfb8bb08bd4ca9a5d0a7bd77c7ac1ca1b839ad823b948ea28",
                "sha256:8d2f1fb53a421b410751887eb4ff21386d119ef9cde3797bf5e7ed49fb51a3b3",
                "sha256:903bbd302a2378f984aef528f76d4c9b1748f318fe1294961c072bdc7f2ffa3e",
                "sha256:93f81b134a165cc17123626ab8da2e30c0455441d4ab5576eed73a64c025b25c",
                "sha256:95e69877983ea39b7303570fa6760f81a3eec23d0e3ab2021b7144b94d06202d",
                "sha256:9633b3034d3d901f0a46b7939f8c4d64427dfba6bbc5a36b1a67364cf148a1b0",
                "sha256:97e5306482182170ade15c4b0d8386ded995a07d7cc2ca8f27958d34d6736497",
                "sha256:9f3cba480d3deb69f6ee2c1825060177a22c7826431458c697df88e6aeb3caee",
                "sha256:aa5b467f15e78b82257319aebc78dd2915e4c1436c3c0d1ad6f53e47ba6e2713",
                "sha256:abb7a75ed8b968f3061327c433a0fbd17b729947b400747c334a9c29a9af6c58",
                "sha256:aec52725173bd3a7b56fe91bc56eccb26fbdff1386ef123abb63c84c5b43b63a",
                "sha256:b11548073a2213d950c3f671aa88e6f83cda6e2fb97a8b6317b1b5b33d850e06",
                "sha256:b1692f7d6bc45e3200844be0dba153612103db241691088626a33ff1f24a0d88",
                "sha256:b336501a05e13b616ef81ce329c0e09ac5ed8c732d9ba7e3e983fcc1a9e86965",
                "sha256:b8c008de9d0daba7b6666aa5bbfdc23dcd78cafc33997c9b7741ff6353bafb7f",
                "sha256:b92e29e58bef6d9cfd340c72b04d74c4b4e9f70c9fa7c78b674d1fec18896dc4",
                "sha256:be5f425ff1f5f4b3c1e33ad64ab994eed12fc284a6ea71c5243fd564502ecbe5",
                "sha256:dd0b1e9e891f69e7675ba5c92e28b90eaa045f6ab134ffe70b52e948aa175b3c",
                "sha256:e30f5ea4ae2346e62cedde8794a56858a67b878dd79f7df76a0767e356b1744a",
                "sha256:e6a36bb9474218c7a5b27ae476035497a6990e21d04c279884eb10d9b290f1b1",
                "sha256:e859fcb4cbe93504ea18008d1df98dee4f7766db66c435e4882ab35cf70cac43",
                "sha256:eb6ea6da4c787111adf40f697b4e58732ee0942b5d3bd8f435277643329ba627",
                "sha256:ec8c433b3ab0419100bd45b47c9c8551248a5aee30ca5e9d399a0b57ac04651b",
                "sha256:eff9d20417ff9dcb0d25e2defc2574d10b491bf2e693b4e491914738b7908168",
                "sha256:f0214eb2a23b85528310dad848ad2ac58e735612929c8072f6093f3585fd342d",
                "sha256:f276df9830dba7a333544bd41070e8175762a7ac20350786b322b714b0e654f5",
                "sha256:f3acda1924472472ddd60c29e5b9db0cec629fbe3c5c5accb74d6d6d14773478",
                "sha256:f70a9e237bb792c7cc7e44c531fd48f5897961701cdaa06cf22fc14965c496cf",
                "sha256:f9d29ca8a77117315101425ec7ec2a47a22ccf59f5593378fc4077ac5b754fce",
                "sha256:fa877ca7f6b48054f847b61d6fa7bed5cebb663ebc55e018fda12db09dcc664c",
                "sha256:fdcec0b8399108577ec290f55551d926d9a1fa6cad45882093a7a07ac5ec147b"
            ],
            "markers": "python_version >= '2.7' and python_version not in '3.0, 3.1, 3.2, 3.3, 3.4'",
            "version": "==1.1.2"
        },
        "idna": {
            "hashes": [
                "sha256:84d9dd047ffa80596e0f246e2eab0b391788b0503584e8945f2368256d2735ff",
                "sha256:9d643ff0a55b762d5cdb124b8eaa99c66322e2157b69160bc32796e824360e6d"
            ],
            "markers": "python_version >= '3.5'",
            "version": "==3.3"
        },
        "mypy-extensions": {
            "hashes": [
                "sha256:090fedd75945a69ae91ce1303b5824f428daf5a028d2f6ab8a299250a846f15d",
                "sha256:2d82818f5bb3e369420cb3c4060a7970edba416647068eb4c5343488a6c604a8"
            ],
            "version": "==0.4.3"
        },
        "pathspec": {
            "hashes": [
                "sha256:7d15c4ddb0b5c802d161efc417ec1a2558ea2653c2e8ad9c19098201dc1c993a",
                "sha256:e564499435a2673d586f6b2130bb5b95f04a3ba06f81b8f895b651a3c76aabb1"
            ],
            "version": "==0.9.0"
        },
        "platformdirs": {
            "hashes": [
                "sha256:027d8e83a2d7de06bbac4e5ef7e023c02b863d7ea5d079477e722bb41ab25788",
                "sha256:58c8abb07dcb441e6ee4b11d8df0ac856038f944ab98b7be6b27b2a3c7feef19"
            ],
            "markers": "python_version >= '3.7'",
            "version": "==2.5.2"
        },
        "pygments": {
            "hashes": [
                "sha256:5eb116118f9612ff1ee89ac96437bb6b49e8f04d8a13b514ba26f620208e26eb",
                "sha256:dc9c10fb40944260f6ed4c688ece0cd2048414940f1cea51b8b226318411c519"
            ],
            "markers": "python_version >= '3.6'",
            "version": "==2.12.0"
        },
        "pyxdg": {
            "hashes": [
                "sha256:3267bb3074e934df202af2ee0868575484108581e6f3cb006af1da35395e88b4",
                "sha256:bdaf595999a0178ecea4052b7f4195569c1ff4d344567bccdc12dfdf02d545ab"
            ],
            "version": "==0.28"
        },
        "requests": {
            "hashes": [
                "sha256:7c5599b102feddaa661c826c56ab4fee28bfd17f5abca1ebbe3e7f19d7c97983",
                "sha256:8fefa2a1a1365bf5520aac41836fbee479da67864514bdb821f31ce07ce65349"
            ],
            "markers": "python_version >= '3.7' and python_version < '4'",
            "version": "==2.28.1"
        },
        "six": {
            "hashes": [
                "sha256:1e61c37477a1626458e36f7b1d82aa5c9b094fa4802892072e49de9c60c4c926",
                "sha256:8abb2f1d86890a2dfb989f9a77cfcfd3e47c2a354b01111771326f8aa26e0254"
            ],
            "markers": "python_version >= '2.7' and python_version not in '3.0, 3.1, 3.2, 3.3'",
            "version": "==1.16.0"
        },
        "tomli": {
            "hashes": [
                "sha256:939de3e7a6161af0c887ef91b7d41a53e7c5a1ca976325f429cb46ea9bc30ecc",
                "sha256:de526c12914f0c550d15924c62d72abc48d6fe7364aa87328337a31007fe8a4f"
            ],
            "markers": "python_full_version < '3.11.0a7'",
            "version": "==2.0.1"
        },
        "typing-extensions": {
            "hashes": [
                "sha256:25642c956049920a5aa49edcdd6ab1e06d7e5d467fc00e0506c44ac86fbfca02",
                "sha256:e6d2677a32f47fc7eb2795db1dd15c1f34eff616bcaf2cfb5e997f854fa1c4a6"
            ],
            "markers": "python_version >= '3.7'",
            "version": "==4.3.0"
        },
        "urllib3": {
            "hashes": [
                "sha256:8298d6d56d39be0e3bc13c1c97d133f9b45d797169a0e11cdd0e0489d786f7ec",
                "sha256:879ba4d1e89654d9769ce13121e0f94310ea32e8d2f8cf587b77c08bbcdb30d6"
            ],
            "markers": "python_version >= '2.7' and python_version not in '3.0, 3.1, 3.2, 3.3, 3.4, 3.5' and python_version < '4'",
            "version": "==1.26.10"
        }
    }
}
